// !$*UTF8*$!
{
	archiveVersion = 1;
	classes = {
	};
	objectVersion = 50;
	objects = {

/* Begin PBXBuildFile section */
		BFC8A9AD2487BEB500EABB69 /* AppDelegate.swift in Sources */ = {isa = PBXBuildFile; fileRef = BFC8A9AC2487BEB500EABB69 /* AppDelegate.swift */; };
		BFC8A9AF2487BEB500EABB69 /* SceneDelegate.swift in Sources */ = {isa = PBXBuildFile; fileRef = BFC8A9AE2487BEB500EABB69 /* SceneDelegate.swift */; };
		BFC8A9B12487BEB500EABB69 /* EmojiMemoryGameView.swift in Sources */ = {isa = PBXBuildFile; fileRef = BFC8A9B02487BEB500EABB69 /* EmojiMemoryGameView.swift */; };
		BFC8A9B32487BEB600EABB69 /* Assets.xcassets in Resources */ = {isa = PBXBuildFile; fileRef = BFC8A9B22487BEB600EABB69 /* Assets.xcassets */; };
		BFC8A9B62487BEB600EABB69 /* Preview Assets.xcassets in Resources */ = {isa = PBXBuildFile; fileRef = BFC8A9B52487BEB600EABB69 /* Preview Assets.xcassets */; };
		BFC8A9B92487BEB600EABB69 /* LaunchScreen.storyboard in Resources */ = {isa = PBXBuildFile; fileRef = BFC8A9B72487BEB600EABB69 /* LaunchScreen.storyboard */; };
		BFC8A9C12487DA8E00EABB69 /* MemoryGame.swift in Sources */ = {isa = PBXBuildFile; fileRef = BFC8A9C02487DA8E00EABB69 /* MemoryGame.swift */; };
		BFC8A9C32487DC2B00EABB69 /* EmojiMemoryGame.swift in Sources */ = {isa = PBXBuildFile; fileRef = BFC8A9C22487DC2B00EABB69 /* EmojiMemoryGame.swift */; };
		BFC8A9C5248918D800EABB69 /* Grid.swift in Sources */ = {isa = PBXBuildFile; fileRef = BFC8A9C4248918D800EABB69 /* Grid.swift */; };
		BFC8A9C72489260C00EABB69 /* GridLayout.swift in Sources */ = {isa = PBXBuildFile; fileRef = BFC8A9C62489260C00EABB69 /* GridLayout.swift */; };
		BFC8A9C9248938E800EABB69 /* Array+Only.swift in Sources */ = {isa = PBXBuildFile; fileRef = BFC8A9C8248938E800EABB69 /* Array+Only.swift */; };
		BFC8A9CB248943EB00EABB69 /* Pie.swift in Sources */ = {isa = PBXBuildFile; fileRef = BFC8A9CA248943EB00EABB69 /* Pie.swift */; };
		BFC8A9CD24894A2300EABB69 /* Cardify.swift in Sources */ = {isa = PBXBuildFile; fileRef = BFC8A9CC24894A2300EABB69 /* Cardify.swift */; };
/* End PBXBuildFile section */

/* Begin PBXFileReference section */
		BFC8A9A92487BEB500EABB69 /* Memorize.app */ = {isa = PBXFileReference; explicitFileType = wrapper.application; includeInIndex = 0; path = Memorize.app; sourceTree = BUILT_PRODUCTS_DIR; };
		BFC8A9AC2487BEB500EABB69 /* AppDelegate.swift */ = {isa = PBXFileReference; lastKnownFileType = sourcecode.swift; path = AppDelegate.swift; sourceTree = "<group>"; };
		BFC8A9AE2487BEB500EABB69 /* SceneDelegate.swift */ = {isa = PBXFileReference; lastKnownFileType = sourcecode.swift; path = SceneDelegate.swift; sourceTree = "<group>"; };
		BFC8A9B02487BEB500EABB69 /* EmojiMemoryGameView.swift */ = {isa = PBXFileReference; lastKnownFileType = sourcecode.swift; path = EmojiMemoryGameView.swift; sourceTree = "<group>"; };
		BFC8A9B22487BEB600EABB69 /* Assets.xcassets */ = {isa = PBXFileReference; lastKnownFileType = folder.assetcatalog; path = Assets.xcassets; sourceTree = "<group>"; };
		BFC8A9B52487BEB600EABB69 /* Preview Assets.xcassets */ = {isa = PBXFileReference; lastKnownFileType = folder.assetcatalog; path = "Preview Assets.xcassets"; sourceTree = "<group>"; };
		BFC8A9B82487BEB600EABB69 /* Base */ = {isa = PBXFileReference; lastKnownFileType = file.storyboard; name = Base; path = Base.lproj/LaunchScreen.storyboard; sourceTree = "<group>"; };
		BFC8A9BA2487BEB600EABB69 /* Info.plist */ = {isa = PBXFileReference; lastKnownFileType = text.plist.xml; path = Info.plist; sourceTree = "<group>"; };
		BFC8A9C02487DA8E00EABB69 /* MemoryGame.swift */ = {isa = PBXFileReference; lastKnownFileType = sourcecode.swift; path = MemoryGame.swift; sourceTree = "<group>"; };
		BFC8A9C22487DC2B00EABB69 /* EmojiMemoryGame.swift */ = {isa = PBXFileReference; lastKnownFileType = sourcecode.swift; path = EmojiMemoryGame.swift; sourceTree = "<group>"; };
		BFC8A9C4248918D800EABB69 /* Grid.swift */ = {isa = PBXFileReference; lastKnownFileType = sourcecode.swift; path = Grid.swift; sourceTree = "<group>"; };
		BFC8A9C62489260C00EABB69 /* GridLayout.swift */ = {isa = PBXFileReference; lastKnownFileType = sourcecode.swift; path = GridLayout.swift; sourceTree = "<group>"; };
		BFC8A9C8248938E800EABB69 /* Array+Only.swift */ = {isa = PBXFileReference; lastKnownFileType = sourcecode.swift; path = "Array+Only.swift"; sourceTree = "<group>"; };
		BFC8A9CA248943EB00EABB69 /* Pie.swift */ = {isa = PBXFileReference; lastKnownFileType = sourcecode.swift; path = Pie.swift; sourceTree = "<group>"; };
		BFC8A9CC24894A2300EABB69 /* Cardify.swift */ = {isa = PBXFileReference; lastKnownFileType = sourcecode.swift; path = Cardify.swift; sourceTree = "<group>"; };
/* End PBXFileReference section */

/* Begin PBXFrameworksBuildPhase section */
		BFC8A9A62487BEB500EABB69 /* Frameworks */ = {
			isa = PBXFrameworksBuildPhase;
			buildActionMask = 2147483647;
			files = (
			);
			runOnlyForDeploymentPostprocessing = 0;
		};
/* End PBXFrameworksBuildPhase section */

/* Begin PBXGroup section */
		BFC8A9A02487BEB500EABB69 = {
			isa = PBXGroup;
			children = (
				BFC8A9AB2487BEB500EABB69 /* Memorize */,
				BFC8A9AA2487BEB500EABB69 /* Products */,
			);
			sourceTree = "<group>";
		};
		BFC8A9AA2487BEB500EABB69 /* Products */ = {
			isa = PBXGroup;
			children = (
				BFC8A9A92487BEB500EABB69 /* Memorize.app */,
			);
			name = Products;
			sourceTree = "<group>";
		};
		BFC8A9AB2487BEB500EABB69 /* Memorize */ = {
			isa = PBXGroup;
			children = (
				BFC8A9AC2487BEB500EABB69 /* AppDelegate.swift */,
				BFC8A9AE2487BEB500EABB69 /* SceneDelegate.swift */,
				BFC8A9B02487BEB500EABB69 /* EmojiMemoryGameView.swift */,
				BFC8A9CA248943EB00EABB69 /* Pie.swift */,
				BFC8A9C4248918D800EABB69 /* Grid.swift */,
				BFC8A9C62489260C00EABB69 /* GridLayout.swift */,
				BFC8A9C02487DA8E00EABB69 /* MemoryGame.swift */,
				BFC8A9C22487DC2B00EABB69 /* EmojiMemoryGame.swift */,
				BFC8A9C8248938E800EABB69 /* Array+Only.swift */,
				BFC8A9CC24894A2300EABB69 /* Cardify.swift */,
				BFC8A9B22487BEB600EABB69 /* Assets.xcassets */,
				BFC8A9B72487BEB600EABB69 /* LaunchScreen.storyboard */,
				BFC8A9BA2487BEB600EABB69 /* Info.plist */,
				BFC8A9B42487BEB600EABB69 /* Preview Content */,
			);
			path = Memorize;
			sourceTree = "<group>";
		};
		BFC8A9B42487BEB600EABB69 /* Preview Content */ = {
			isa = PBXGroup;
			children = (
				BFC8A9B52487BEB600EABB69 /* Preview Assets.xcassets */,
			);
			path = "Preview Content";
			sourceTree = "<group>";
		};
/* End PBXGroup section */

/* Begin PBXNativeTarget section */
		BFC8A9A82487BEB500EABB69 /* Memorize */ = {
			isa = PBXNativeTarget;
			buildConfigurationList = BFC8A9BD2487BEB600EABB69 /* Build configuration list for PBXNativeTarget "Memorize" */;
			buildPhases = (
				BFC8A9A52487BEB500EABB69 /* Sources */,
				BFC8A9A62487BEB500EABB69 /* Frameworks */,
				BFC8A9A72487BEB500EABB69 /* Resources */,
			);
			buildRules = (
			);
			dependencies = (
			);
			name = Memorize;
			productName = Memorize;
			productReference = BFC8A9A92487BEB500EABB69 /* Memorize.app */;
			productType = "com.apple.product-type.application";
		};
/* End PBXNativeTarget section */

/* Begin PBXProject section */
		BFC8A9A12487BEB500EABB69 /* Project object */ = {
			isa = PBXProject;
			attributes = {
				LastSwiftUpdateCheck = 1150;
				LastUpgradeCheck = 1150;
				ORGANIZATIONNAME = CS193;
				TargetAttributes = {
					BFC8A9A82487BEB500EABB69 = {
						CreatedOnToolsVersion = 11.5;
					};
				};
			};
			buildConfigurationList = BFC8A9A42487BEB500EABB69 /* Build configuration list for PBXProject "Memorize" */;
			compatibilityVersion = "Xcode 9.3";
			developmentRegion = en;
			hasScannedForEncodings = 0;
			knownRegions = (
				en,
				Base,
			);
			mainGroup = BFC8A9A02487BEB500EABB69;
			productRefGroup = BFC8A9AA2487BEB500EABB69 /* Products */;
			projectDirPath = "";
			projectRoot = "";
			targets = (
				BFC8A9A82487BEB500EABB69 /* Memorize */,
			);
		};
/* End PBXProject section */

/* Begin PBXResourcesBuildPhase section */
		BFC8A9A72487BEB500EABB69 /* Resources */ = {
			isa = PBXResourcesBuildPhase;
			buildActionMask = 2147483647;
			files = (
				BFC8A9B92487BEB600EABB69 /* LaunchScreen.storyboard in Resources */,
				BFC8A9B62487BEB600EABB69 /* Preview Assets.xcassets in Resources */,
				BFC8A9B32487BEB600EABB69 /* Assets.xcassets in Resources */,
			);
			runOnlyForDeploymentPostprocessing = 0;
		};
/* End PBXResourcesBuildPhase section */

/* Begin PBXSourcesBuildPhase section */
		BFC8A9A52487BEB500EABB69 /* Sources */ = {
			isa = PBXSourcesBuildPhase;
			buildActionMask = 2147483647;
			files = (
				BFC8A9AD2487BEB500EABB69 /* AppDelegate.swift in Sources */,
				BFC8A9AF2487BEB500EABB69 /* SceneDelegate.swift in Sources */,
				BFC8A9C12487DA8E00EABB69 /* MemoryGame.swift in Sources */,
				BFC8A9CB248943EB00EABB69 /* Pie.swift in Sources */,
				BFC8A9B12487BEB500EABB69 /* EmojiMemoryGameView.swift in Sources */,
				BFC8A9C32487DC2B00EABB69 /* EmojiMemoryGame.swift in Sources */,
				BFC8A9C72489260C00EABB69 /* GridLayout.swift in Sources */,
				BFC8A9C5248918D800EABB69 /* Grid.swift in Sources */,
				BFC8A9CD24894A2300EABB69 /* Cardify.swift in Sources */,
				BFC8A9C9248938E800EABB69 /* Array+Only.swift in Sources */,
			);
			runOnlyForDeploymentPostprocessing = 0;
		};
/* End PBXSourcesBuildPhase section */

/* Begin PBXVariantGroup section */
		BFC8A9B72487BEB600EABB69 /* LaunchScreen.storyboard */ = {
			isa = PBXVariantGroup;
			children = (
				BFC8A9B82487BEB600EABB69 /* Base */,
			);
			name = LaunchScreen.storyboard;
			sourceTree = "<group>";
		};
/* End PBXVariantGroup section */

/* Begin XCBuildConfiguration section */
		BFC8A9BB2487BEB600EABB69 /* Debug */ = {
			isa = XCBuildConfiguration;
			buildSettings = {
				ALWAYS_SEARCH_USER_PATHS = NO;
				CLANG_ANALYZER_NONNULL = YES;
				CLANG_ANALYZER_NUMBER_OBJECT_CONVERSION = YES_AGGRESSIVE;
				CLANG_CXX_LANGUAGE_STANDARD = "gnu++14";
				CLANG_CXX_LIBRARY = "libc++";
				CLANG_ENABLE_MODULES = YES;
				CLANG_ENABLE_OBJC_ARC = YES;
				CLANG_ENABLE_OBJC_WEAK = YES;
				CLANG_WARN_BLOCK_CAPTURE_AUTORELEASING = YES;
				CLANG_WARN_BOOL_CONVERSION = YES;
				CLANG_WARN_COMMA = YES;
				CLANG_WARN_CONSTANT_CONVERSION = YES;
				CLANG_WARN_DEPRECATED_OBJC_IMPLEMENTATIONS = YES;
				CLANG_WARN_DIRECT_OBJC_ISA_USAGE = YES_ERROR;
				CLANG_WARN_DOCUMENTATION_COMMENTS = YES;
				CLANG_WARN_EMPTY_BODY = YES;
				CLANG_WARN_ENUM_CONVERSION = YES;
				CLANG_WARN_INFINITE_RECURSION = YES;
				CLANG_WARN_INT_CONVERSION = YES;
				CLANG_WARN_NON_LITERAL_NULL_CONVERSION = YES;
				CLANG_WARN_OBJC_IMPLICIT_RETAIN_SELF = YES;
				CLANG_WARN_OBJC_LITERAL_CONVERSION = YES;
				CLANG_WARN_OBJC_ROOT_CLASS = YES_ERROR;
				CLANG_WARN_RANGE_LOOP_ANALYSIS = YES;
				CLANG_WARN_STRICT_PROTOTYPES = YES;
				CLANG_WARN_SUSPICIOUS_MOVE = YES;
				CLANG_WARN_UNGUARDED_AVAILABILITY = YES_AGGRESSIVE;
				CLANG_WARN_UNREACHABLE_CODE = YES;
				CLANG_WARN__DUPLICATE_METHOD_MATCH = YES;
				COPY_PHASE_STRIP = NO;
				DEBUG_INFORMATION_FORMAT = dwarf;
				ENABLE_STRICT_OBJC_MSGSEND = YES;
				ENABLE_TESTABILITY = YES;
				GCC_C_LANGUAGE_STANDARD = gnu11;
				GCC_DYNAMIC_NO_PIC = NO;
				GCC_NO_COMMON_BLOCKS = YES;
				GCC_OPTIMIZATION_LEVEL = 0;
				GCC_PREPROCESSOR_DEFINITIONS = (
					"DEBUG=1",
					"$(inherited)",
				);
				GCC_WARN_64_TO_32_BIT_CONVERSION = YES;
				GCC_WARN_ABOUT_RETURN_TYPE = YES_ERROR;
				GCC_WARN_UNDECLARED_SELECTOR = YES;
				GCC_WARN_UNINITIALIZED_AUTOS = YES_AGGRESSIVE;
				GCC_WARN_UNUSED_FUNCTION = YES;
				GCC_WARN_UNUSED_VARIABLE = YES;
				IPHONEOS_DEPLOYMENT_TARGET = 13.5;
				MTL_ENABLE_DEBUG_INFO = INCLUDE_SOURCE;
				MTL_FAST_MATH = YES;
				ONLY_ACTIVE_ARCH = YES;
				SDKROOT = iphoneos;
				SWIFT_ACTIVE_COMPILATION_CONDITIONS = DEBUG;
				SWIFT_OPTIMIZATION_LEVEL = "-Onone";
			};
			name = Debug;
		};
		BFC8A9BC2487BEB600EABB69 /* Release */ = {
			isa = XCBuildConfiguration;
			buildSettings = {
				ALWAYS_SEARCH_USER_PATHS = NO;
				CLANG_ANALYZER_NONNULL = YES;
				CLANG_ANALYZER_NUMBER_OBJECT_CONVERSION = YES_AGGRESSIVE;
				CLANG_CXX_LANGUAGE_STANDARD = "gnu++14";
				CLANG_CXX_LIBRARY = "libc++";
				CLANG_ENABLE_MODULES = YES;
				CLANG_ENABLE_OBJC_ARC = YES;
				CLANG_ENABLE_OBJC_WEAK = YES;
				CLANG_WARN_BLOCK_CAPTURE_AUTORELEASING = YES;
				CLANG_WARN_BOOL_CONVERSION = YES;
				CLANG_WARN_COMMA = YES;
				CLANG_WARN_CONSTANT_CONVERSION = YES;
				CLANG_WARN_DEPRECATED_OBJC_IMPLEMENTATIONS = YES;
				CLANG_WARN_DIRECT_OBJC_ISA_USAGE = YES_ERROR;
				CLANG_WARN_DOCUMENTATION_COMMENTS = YES;
				CLANG_WARN_EMPTY_BODY = YES;
				CLANG_WARN_ENUM_CONVERSION = YES;
				CLANG_WARN_INFINITE_RECURSION = YES;
				CLANG_WARN_INT_CONVERSION = YES;
				CLANG_WARN_NON_LITERAL_NULL_CONVERSION = YES;
				CLANG_WARN_OBJC_IMPLICIT_RETAIN_SELF = YES;
				CLANG_WARN_OBJC_LITERAL_CONVERSION = YES;
				CLANG_WARN_OBJC_ROOT_CLASS = YES_ERROR;
				CLANG_WARN_RANGE_LOOP_ANALYSIS = YES;
				CLANG_WARN_STRICT_PROTOTYPES = YES;
				CLANG_WARN_SUSPICIOUS_MOVE = YES;
				CLANG_WARN_UNGUARDED_AVAILABILITY = YES_AGGRESSIVE;
				CLANG_WARN_UNREACHABLE_CODE = YES;
				CLANG_WARN__DUPLICATE_METHOD_MATCH = YES;
				COPY_PHASE_STRIP = NO;
				DEBUG_INFORMATION_FORMAT = "dwarf-with-dsym";
				ENABLE_NS_ASSERTIONS = NO;
				ENABLE_STRICT_OBJC_MSGSEND = YES;
				GCC_C_LANGUAGE_STANDARD = gnu11;
				GCC_NO_COMMON_BLOCKS = YES;
				GCC_WARN_64_TO_32_BIT_CONVERSION = YES;
				GCC_WARN_ABOUT_RETURN_TYPE = YES_ERROR;
				GCC_WARN_UNDECLARED_SELECTOR = YES;
				GCC_WARN_UNINITIALIZED_AUTOS = YES_AGGRESSIVE;
				GCC_WARN_UNUSED_FUNCTION = YES;
				GCC_WARN_UNUSED_VARIABLE = YES;
				IPHONEOS_DEPLOYMENT_TARGET = 13.5;
				MTL_ENABLE_DEBUG_INFO = NO;
				MTL_FAST_MATH = YES;
				SDKROOT = iphoneos;
				SWIFT_COMPILATION_MODE = wholemodule;
				SWIFT_OPTIMIZATION_LEVEL = "-O";
				VALIDATE_PRODUCT = YES;
			};
			name = Release;
		};
		BFC8A9BE2487BEB600EABB69 /* Debug */ = {
			isa = XCBuildConfiguration;
			buildSettings = {
				ASSETCATALOG_COMPILER_APPICON_NAME = AppIcon;
				CODE_SIGN_STYLE = Automatic;
				DEVELOPMENT_ASSET_PATHS = "\"Memorize/Preview Content\"";
				DEVELOPMENT_TEAM = LFDAS87W6Z;
				ENABLE_PREVIEWS = YES;
				INFOPLIST_FILE = Memorize/Info.plist;
				LD_RUNPATH_SEARCH_PATHS = (
					"$(inherited)",
					"@executable_path/Frameworks",
				);
				PRODUCT_BUNDLE_IDENTIFIER = com.benjaminwen.Memorize;
				PRODUCT_NAME = "$(TARGET_NAME)";
				SWIFT_VERSION = 5.0;
				TARGETED_DEVICE_FAMILY = "1,2";
			};
			name = Debug;
		};
		BFC8A9BF2487BEB600EABB69 /* Release */ = {
			isa = XCBuildConfiguration;
			buildSettings = {
				ASSETCATALOG_COMPILER_APPICON_NAME = AppIcon;
				CODE_SIGN_STYLE = Automatic;
				DEVELOPMENT_ASSET_PATHS = "\"Memorize/Preview Content\"";
				DEVELOPMENT_TEAM = LFDAS87W6Z;
				ENABLE_PREVIEWS = YES;
				INFOPLIST_FILE = Memorize/Info.plist;
				LD_RUNPATH_SEARCH_PATHS = (
					"$(inherited)",
					"@executable_path/Frameworks",
				);
				PRODUCT_BUNDLE_IDENTIFIER = com.benjaminwen.Memorize;
				PRODUCT_NAME = "$(TARGET_NAME)";
				SWIFT_VERSION = 5.0;
				TARGETED_DEVICE_FAMILY = "1,2";
			};
			name = Release;
		};
/* End XCBuildConfiguration section */

/* Begin XCConfigurationList section */
		BFC8A9A42487BEB500EABB69 /* Build configuration list for PBXProject "Memorize" */ = {
			isa = XCConfigurationList;
			buildConfigurations = (
				BFC8A9BB2487BEB600EABB69 /* Debug */,
				BFC8A9BC2487BEB600EABB69 /* Release */,
			);
			defaultConfigurationIsVisible = 0;
			defaultConfigurationName = Release;
		};
		BFC8A9BD2487BEB600EABB69 /* Build configuration list for PBXNativeTarget "Memorize" */ = {
			isa = XCConfigurationList;
			buildConfigurations = (
				BFC8A9BE2487BEB600EABB69 /* Debug */,
				BFC8A9BF2487BEB600EABB69 /* Release */,
			);
			defaultConfigurationIsVisible = 0;
			defaultConfigurationName = Release;
		};
/* End XCConfigurationList section */
	};
	rootObject = BFC8A9A12487BEB500EABB69 /* Project object */;
}
